// !$*UTF8*$!
{
	archiveVersion = 1;
	classes = {
	};
	objectVersion = 55;
	objects = {

/* Begin PBXBuildFile section */
		3FB3360C28588C1100E44DAC /* AppDelegate.swift in Sources */ = {isa = PBXBuildFile; fileRef = 3FB3360B28588C1100E44DAC /* AppDelegate.swift */; };
		3FB3360E28588C1100E44DAC /* SceneDelegate.swift in Sources */ = {isa = PBXBuildFile; fileRef = 3FB3360D28588C1100E44DAC /* SceneDelegate.swift */; };
		3FB3361028588C1100E44DAC /* ViewController.swift in Sources */ = {isa = PBXBuildFile; fileRef = 3FB3360F28588C1100E44DAC /* ViewController.swift */; };
		3FB3361328588C1100E44DAC /* Main.storyboard in Resources */ = {isa = PBXBuildFile; fileRef = 3FB3361128588C1100E44DAC /* Main.storyboard */; };
		3FB3361628588C1100E44DAC /* exp2_ImageView.xcdatamodeld in Sources */ = {isa = PBXBuildFile; fileRef = 3FB3361428588C1100E44DAC /* exp2_ImageView.xcdatamodeld */; };
		3FB3361828588C1200E44DAC /* Assets.xcassets in Resources */ = {isa = PBXBuildFile; fileRef = 3FB3361728588C1200E44DAC /* Assets.xcassets */; };
		3FB3361B28588C1200E44DAC /* LaunchScreen.storyboard in Resources */ = {isa = PBXBuildFile; fileRef = 3FB3361928588C1200E44DAC /* LaunchScreen.storyboard */; };
		3FB3362628588C1200E44DAC /* exp2_ImageViewTests.swift in Sources */ = {isa = PBXBuildFile; fileRef = 3FB3362528588C1200E44DAC /* exp2_ImageViewTests.swift */; };
		3FB3363028588C1200E44DAC /* exp2_ImageViewUITests.swift in Sources */ = {isa = PBXBuildFile; fileRef = 3FB3362F28588C1200E44DAC /* exp2_ImageViewUITests.swift */; };
		3FB3363228588C1200E44DAC /* exp2_ImageViewUITestsLaunchTests.swift in Sources */ = {isa = PBXBuildFile; fileRef = 3FB3363128588C1200E44DAC /* exp2_ImageViewUITestsLaunchTests.swift */; };
		3FB3363F2858915B00E44DAC /* Nature.jpg in Resources */ = {isa = PBXBuildFile; fileRef = 3FB3363E2858915B00E44DAC /* Nature.jpg */; };
		3FB336412858916300E44DAC /* img02.jpg in Resources */ = {isa = PBXBuildFile; fileRef = 3FB336402858916300E44DAC /* img02.jpg */; };
		3FB336432858916D00E44DAC /* img01.jpg in Resources */ = {isa = PBXBuildFile; fileRef = 3FB336422858916D00E44DAC /* img01.jpg */; };
/* End PBXBuildFile section */

/* Begin PBXContainerItemProxy section */
		3FB3362228588C1200E44DAC /* PBXContainerItemProxy */ = {
			isa = PBXContainerItemProxy;
			containerPortal = 3FB3360028588C1100E44DAC /* Project object */;
			proxyType = 1;
			remoteGlobalIDString = 3FB3360728588C1100E44DAC;
			remoteInfo = "exp2 ImageView";
		};
		3FB3362C28588C1200E44DAC /* PBXContainerItemProxy */ = {
			isa = PBXContainerItemProxy;
			containerPortal = 3FB3360028588C1100E44DAC /* Project object */;
			proxyType = 1;
			remoteGlobalIDString = 3FB3360728588C1100E44DAC;
			remoteInfo = "exp2 ImageView";
		};
/* End PBXContainerItemProxy section */

/* Begin PBXFileReference section */
		3FB3360828588C1100E44DAC /* exp2 ImageView.app */ = {isa = PBXFileReference; explicitFileType = wrapper.application; includeInIndex = 0; path = "exp2 ImageView.app"; sourceTree = BUILT_PRODUCTS_DIR; };
		3FB3360B28588C1100E44DAC /* AppDelegate.swift */ = {isa = PBXFileReference; lastKnownFileType = sourcecode.swift; path = AppDelegate.swift; sourceTree = "<group>"; };
		3FB3360D28588C1100E44DAC /* SceneDelegate.swift */ = {isa = PBXFileReference; lastKnownFileType = sourcecode.swift; path = SceneDelegate.swift; sourceTree = "<group>"; };
		3FB3360F28588C1100E44DAC /* ViewController.swift */ = {isa = PBXFileReference; lastKnownFileType = sourcecode.swift; path = ViewController.swift; sourceTree = "<group>"; };
		3FB3361228588C1100E44DAC /* Base */ = {isa = PBXFileReference; lastKnownFileType = file.storyboard; name = Base; path = Base.lproj/Main.storyboard; sourceTree = "<group>"; };
		3FB3361528588C1100E44DAC /* exp2_ImageView.xcdatamodel */ = {isa = PBXFileReference; lastKnownFileType = wrapper.xcdatamodel; path = exp2_ImageView.xcdatamodel; sourceTree = "<group>"; };
		3FB3361728588C1200E44DAC /* Assets.xcassets */ = {isa = PBXFileReference; lastKnownFileType = folder.assetcatalog; path = Assets.xcassets; sourceTree = "<group>"; };
		3FB3361A28588C1200E44DAC /* Base */ = {isa = PBXFileReference; lastKnownFileType = file.storyboard; name = Base; path = Base.lproj/LaunchScreen.storyboard; sourceTree = "<group>"; };
		3FB3361C28588C1200E44DAC /* Info.plist */ = {isa = PBXFileReference; lastKnownFileType = text.plist.xml; path = Info.plist; sourceTree = "<group>"; };
		3FB3362128588C1200E44DAC /* exp2 ImageViewTests.xctest */ = {isa = PBXFileReference; explicitFileType = wrapper.cfbundle; includeInIndex = 0; path = "exp2 ImageViewTests.xctest"; sourceTree = BUILT_PRODUCTS_DIR; };
		3FB3362528588C1200E44DAC /* exp2_ImageViewTests.swift */ = {isa = PBXFileReference; lastKnownFileType = sourcecode.swift; path = exp2_ImageViewTests.swift; sourceTree = "<group>"; };
		3FB3362B28588C1200E44DAC /* exp2 ImageViewUITests.xctest */ = {isa = PBXFileReference; explicitFileType = wrapper.cfbundle; includeInIndex = 0; path = "exp2 ImageViewUITests.xctest"; sourceTree = BUILT_PRODUCTS_DIR; };
		3FB3362F28588C1200E44DAC /* exp2_ImageViewUITests.swift */ = {isa = PBXFileReference; lastKnownFileType = sourcecode.swift; path = exp2_ImageViewUITests.swift; sourceTree = "<group>"; };
		3FB3363128588C1200E44DAC /* exp2_ImageViewUITestsLaunchTests.swift */ = {isa = PBXFileReference; lastKnownFileType = sourcecode.swift; path = exp2_ImageViewUITestsLaunchTests.swift; sourceTree = "<group>"; };
		3FB3363E2858915B00E44DAC /* Nature.jpg */ = {isa = PBXFileReference; lastKnownFileType = image.jpeg; path = Nature.jpg; sourceTree = "<group>"; };
		3FB336402858916300E44DAC /* img02.jpg */ = {isa = PBXFileReference; lastKnownFileType = image.jpeg; path = img02.jpg; sourceTree = "<group>"; };
		3FB336422858916D00E44DAC /* img01.jpg */ = {isa = PBXFileReference; lastKnownFileType = image.jpeg; path = img01.jpg; sourceTree = "<group>"; };
/* End PBXFileReference section */

/* Begin PBXFrameworksBuildPhase section */
		3FB3360528588C1100E44DAC /* Frameworks */ = {
			isa = PBXFrameworksBuildPhase;
			buildActionMask = 2147483647;
			files = (
			);
			runOnlyForDeploymentPostprocessing = 0;
		};
		3FB3361E28588C1200E44DAC /* Frameworks */ = {
			isa = PBXFrameworksBuildPhase;
			buildActionMask = 2147483647;
			files = (
			);
			runOnlyForDeploymentPostprocessing = 0;
		};
		3FB3362828588C1200E44DAC /* Frameworks */ = {
			isa = PBXFrameworksBuildPhase;
			buildActionMask = 2147483647;
			files = (
			);
			runOnlyForDeploymentPostprocessing = 0;
		};
/* End PBXFrameworksBuildPhase section */

/* Begin PBXGroup section */
		3FB335FF28588C1100E44DAC = {
			isa = PBXGroup;
			children = (
				3FB3360A28588C1100E44DAC /* exp2 ImageView */,
				3FB3362428588C1200E44DAC /* exp2 ImageViewTests */,
				3FB3362E28588C1200E44DAC /* exp2 ImageViewUITests */,
				3FB3360928588C1100E44DAC /* Products */,
			);
			sourceTree = "<group>";
		};
		3FB3360928588C1100E44DAC /* Products */ = {
			isa = PBXGroup;
			children = (
				3FB3360828588C1100E44DAC /* exp2 ImageView.app */,
				3FB3362128588C1200E44DAC /* exp2 ImageViewTests.xctest */,
				3FB3362B28588C1200E44DAC /* exp2 ImageViewUITests.xctest */,
			);
			name = Products;
			sourceTree = "<group>";
		};
		3FB3360A28588C1100E44DAC /* exp2 ImageView */ = {
			isa = PBXGroup;
			children = (
				3FB3360B28588C1100E44DAC /* AppDelegate.swift */,
				3FB3360D28588C1100E44DAC /* SceneDelegate.swift */,
				3FB3360F28588C1100E44DAC /* ViewController.swift */,
				3FB3361128588C1100E44DAC /* Main.storyboard */,
				3FB3361728588C1200E44DAC /* Assets.xcassets */,
				3FB3361928588C1200E44DAC /* LaunchScreen.storyboard */,
				3FB3361C28588C1200E44DAC /* Info.plist */,
				3FB3361428588C1100E44DAC /* exp2_ImageView.xcdatamodeld */,
			);
			path = "exp2 ImageView";
			sourceTree = "<group>";
		};
		3FB3362428588C1200E44DAC /* exp2 ImageViewTests */ = {
			isa = PBXGroup;
			children = (
				3FB3362528588C1200E44DAC /* exp2_ImageViewTests.swift */,
			);
			path = "exp2 ImageViewTests";
			sourceTree = "<group>";
		};
		3FB3362E28588C1200E44DAC /* exp2 ImageViewUITests */ = {
			isa = PBXGroup;
			children = (
				3FB3362F28588C1200E44DAC /* exp2_ImageViewUITests.swift */,
				3FB3363128588C1200E44DAC /* exp2_ImageViewUITestsLaunchTests.swift */,
				3FB3363E2858915B00E44DAC /* Nature.jpg */,
				3FB336402858916300E44DAC /* img02.jpg */,
				3FB336422858916D00E44DAC /* img01.jpg */,
			);
			path = "exp2 ImageViewUITests";
			sourceTree = "<group>";
		};
/* End PBXGroup section */

/* Begin PBXNativeTarget section */
		3FB3360728588C1100E44DAC /* exp2 ImageView */ = {
			isa = PBXNativeTarget;
			buildConfigurationList = 3FB3363528588C1200E44DAC /* Build configuration list for PBXNativeTarget "exp2 ImageView" */;
			buildPhases = (
				3FB3360428588C1100E44DAC /* Sources */,
				3FB3360528588C1100E44DAC /* Frameworks */,
				3FB3360628588C1100E44DAC /* Resources */,
			);
			buildRules = (
			);
			dependencies = (
			);
			name = "exp2 ImageView";
			productName = "exp2 ImageView";
			productReference = 3FB3360828588C1100E44DAC /* exp2 ImageView.app */;
			productType = "com.apple.product-type.application";
		};
		3FB3362028588C1200E44DAC /* exp2 ImageViewTests */ = {
			isa = PBXNativeTarget;
			buildConfigurationList = 3FB3363828588C1200E44DAC /* Build configuration list for PBXNativeTarget "exp2 ImageViewTests" */;
			buildPhases = (
				3FB3361D28588C1200E44DAC /* Sources */,
				3FB3361E28588C1200E44DAC /* Frameworks */,
				3FB3361F28588C1200E44DAC /* Resources */,
			);
			buildRules = (
			);
			dependencies = (
				3FB3362328588C1200E44DAC /* PBXTargetDependency */,
			);
			name = "exp2 ImageViewTests";
			productName = "exp2 ImageViewTests";
			productReference = 3FB3362128588C1200E44DAC /* exp2 ImageViewTests.xctest */;
			productType = "com.apple.product-type.bundle.unit-test";
		};
		3FB3362A28588C1200E44DAC /* exp2 ImageViewUITests */ = {
			isa = PBXNativeTarget;
			buildConfigurationList = 3FB3363B28588C1200E44DAC /* Build configuration list for PBXNativeTarget "exp2 ImageViewUITests" */;
			buildPhases = (
				3FB3362728588C1200E44DAC /* Sources */,
				3FB3362828588C1200E44DAC /* Frameworks */,
				3FB3362928588C1200E44DAC /* Resources */,
			);
			buildRules = (
			);
			dependencies = (
				3FB3362D28588C1200E44DAC /* PBXTargetDependency */,
			);
			name = "exp2 ImageViewUITests";
			productName = "exp2 ImageViewUITests";
			productReference = 3FB3362B28588C1200E44DAC /* exp2 ImageViewUITests.xctest */;
			productType = "com.apple.product-type.bundle.ui-testing";
		};
/* End PBXNativeTarget section */

/* Begin PBXProject section */
		3FB3360028588C1100E44DAC /* Project object */ = {
			isa = PBXProject;
			attributes = {
				BuildIndependentTargetsInParallel = 1;
				LastSwiftUpdateCheck = 1310;
				LastUpgradeCheck = 1310;
				TargetAttributes = {
					3FB3360728588C1100E44DAC = {
						CreatedOnToolsVersion = 13.1;
					};
					3FB3362028588C1200E44DAC = {
						CreatedOnToolsVersion = 13.1;
						TestTargetID = 3FB3360728588C1100E44DAC;
					};
					3FB3362A28588C1200E44DAC = {
						CreatedOnToolsVersion = 13.1;
						TestTargetID = 3FB3360728588C1100E44DAC;
					};
				};
			};
			buildConfigurationList = 3FB3360328588C1100E44DAC /* Build configuration list for PBXProject "exp2 ImageView" */;
			compatibilityVersion = "Xcode 13.0";
			developmentRegion = en;
			hasScannedForEncodings = 0;
			knownRegions = (
				en,
				Base,
			);
			mainGroup = 3FB335FF28588C1100E44DAC;
			productRefGroup = 3FB3360928588C1100E44DAC /* Products */;
			projectDirPath = "";
			projectRoot = "";
			targets = (
				3FB3360728588C1100E44DAC /* exp2 ImageView */,
				3FB3362028588C1200E44DAC /* exp2 ImageViewTests */,
				3FB3362A28588C1200E44DAC /* exp2 ImageViewUITests */,
			);
		};
/* End PBXProject section */

/* Begin PBXResourcesBuildPhase section */
		3FB3360628588C1100E44DAC /* Resources */ = {
			isa = PBXResourcesBuildPhase;
			buildActionMask = 2147483647;
			files = (
				3FB3361B28588C1200E44DAC /* LaunchScreen.storyboard in Resources */,
				3FB3361828588C1200E44DAC /* Assets.xcassets in Resources */,
				3FB3361328588C1100E44DAC /* Main.storyboard in Resources */,
			);
			runOnlyForDeploymentPostprocessing = 0;
		};
		3FB3361F28588C1200E44DAC /* Resources */ = {
			isa = PBXResourcesBuildPhase;
			buildActionMask = 2147483647;
			files = (
			);
			runOnlyForDeploymentPostprocessing = 0;
		};
		3FB3362928588C1200E44DAC /* Resources */ = {
			isa = PBXResourcesBuildPhase;
			buildActionMask = 2147483647;
			files = (
				3FB3363F2858915B00E44DAC /* Nature.jpg in Resources */,
				3FB336412858916300E44DAC /* img02.jpg in Resources */,
				3FB336432858916D00E44DAC /* img01.jpg in Resources */,
			);
			runOnlyForDeploymentPostprocessing = 0;
		};
/* End PBXResourcesBuildPhase section */

/* Begin PBXSourcesBuildPhase section */
		3FB3360428588C1100E44DAC /* Sources */ = {
			isa = PBXSourcesBuildPhase;
			buildActionMask = 2147483647;
			files = (
				3FB3361028588C1100E44DAC /* ViewController.swift in Sources */,
				3FB3360C28588C1100E44DAC /* AppDelegate.swift in Sources */,
				3FB3360E28588C1100E44DAC /* SceneDelegate.swift in Sources */,
				3FB3361628588C1100E44DAC /* exp2_ImageView.xcdatamodeld in Sources */,
			);
			runOnlyForDeploymentPostprocessing = 0;
		};
		3FB3361D28588C1200E44DAC /* Sources */ = {
			isa = PBXSourcesBuildPhase;
			buildActionMask = 2147483647;
			files = (
				3FB3362628588C1200E44DAC /* exp2_ImageViewTests.swift in Sources */,
			);
			runOnlyForDeploymentPostprocessing = 0;
		};
		3FB3362728588C1200E44DAC /* Sources */ = {
			isa = PBXSourcesBuildPhase;
			buildActionMask = 2147483647;
			files = (
				3FB3363228588C1200E44DAC /* exp2_ImageViewUITestsLaunchTests.swift in Sources */,
				3FB3363028588C1200E44DAC /* exp2_ImageViewUITests.swift in Sources */,
			);
			runOnlyForDeploymentPostprocessing = 0;
		};
/* End PBXSourcesBuildPhase section */

/* Begin PBXTargetDependency section */
		3FB3362328588C1200E44DAC /* PBXTargetDependency */ = {
			isa = PBXTargetDependency;
			target = 3FB3360728588C1100E44DAC /* exp2 ImageView */;
			targetProxy = 3FB3362228588C1200E44DAC /* PBXContainerItemProxy */;
		};
		3FB3362D28588C1200E44DAC /* PBXTargetDependency */ = {
			isa = PBXTargetDependency;
			target = 3FB3360728588C1100E44DAC /* exp2 ImageView */;
			targetProxy = 3FB3362C28588C1200E44DAC /* PBXContainerItemProxy */;
		};
/* End PBXTargetDependency section */

/* Begin PBXVariantGroup section */
		3FB3361128588C1100E44DAC /* Main.storyboard */ = {
			isa = PBXVariantGroup;
			children = (
				3FB3361228588C1100E44DAC /* Base */,
			);
			name = Main.storyboard;
			sourceTree = "<group>";
		};
		3FB3361928588C1200E44DAC /* LaunchScreen.storyboard */ = {
			isa = PBXVariantGroup;
			children = (
				3FB3361A28588C1200E44DAC /* Base */,
			);
			name = LaunchScreen.storyboard;
			sourceTree = "<group>";
		};
/* End PBXVariantGroup section */

/* Begin XCBuildConfiguration section */
		3FB3363328588C1200E44DAC /* Debug */ = {
			isa = XCBuildConfiguration;
			buildSettings = {
				ALWAYS_SEARCH_USER_PATHS = NO;
				CLANG_ANALYZER_NONNULL = YES;
				CLANG_ANALYZER_NUMBER_OBJECT_CONVERSION = YES_AGGRESSIVE;
				CLANG_CXX_LANGUAGE_STANDARD = "gnu++17";
				CLANG_CXX_LIBRARY = "libc++";
				CLANG_ENABLE_MODULES = YES;
				CLANG_ENABLE_OBJC_ARC = YES;
				CLANG_ENABLE_OBJC_WEAK = YES;
				CLANG_WARN_BLOCK_CAPTURE_AUTORELEASING = YES;
				CLANG_WARN_BOOL_CONVERSION = YES;
				CLANG_WARN_COMMA = YES;
				CLANG_WARN_CONSTANT_CONVERSION = YES;
				CLANG_WARN_DEPRECATED_OBJC_IMPLEMENTATIONS = YES;
				CLANG_WARN_DIRECT_OBJC_ISA_USAGE = YES_ERROR;
				CLANG_WARN_DOCUMENTATION_COMMENTS = YES;
				CLANG_WARN_EMPTY_BODY = YES;
				CLANG_WARN_ENUM_CONVERSION = YES;
				CLANG_WARN_INFINITE_RECURSION = YES;
				CLANG_WARN_INT_CONVERSION = YES;
				CLANG_WARN_NON_LITERAL_NULL_CONVERSION = YES;
				CLANG_WARN_OBJC_IMPLICIT_RETAIN_SELF = YES;
				CLANG_WARN_OBJC_LITERAL_CONVERSION = YES;
				CLANG_WARN_OBJC_ROOT_CLASS = YES_ERROR;
				CLANG_WARN_QUOTED_INCLUDE_IN_FRAMEWORK_HEADER = YES;
				CLANG_WARN_RANGE_LOOP_ANALYSIS = YES;
				CLANG_WARN_STRICT_PROTOTYPES = YES;
				CLANG_WARN_SUSPICIOUS_MOVE = YES;
				CLANG_WARN_UNGUARDED_AVAILABILITY = YES_AGGRESSIVE;
				CLANG_WARN_UNREACHABLE_CODE = YES;
				CLANG_WARN__DUPLICATE_METHOD_MATCH = YES;
				COPY_PHASE_STRIP = NO;
				DEBUG_INFORMATION_FORMAT = dwarf;
				ENABLE_STRICT_OBJC_MSGSEND = YES;
				ENABLE_TESTABILITY = YES;
				GCC_C_LANGUAGE_STANDARD = gnu11;
				GCC_DYNAMIC_NO_PIC = NO;
				GCC_NO_COMMON_BLOCKS = YES;
				GCC_OPTIMIZATION_LEVEL = 0;
				GCC_PREPROCESSOR_DEFINITIONS = (
					"DEBUG=1",
					"$(inherited)",
				);
				GCC_WARN_64_TO_32_BIT_CONVERSION = YES;
				GCC_WARN_ABOUT_RETURN_TYPE = YES_ERROR;
				GCC_WARN_UNDECLARED_SELECTOR = YES;
				GCC_WARN_UNINITIALIZED_AUTOS = YES_AGGRESSIVE;
				GCC_WARN_UNUSED_FUNCTION = YES;
				GCC_WARN_UNUSED_VARIABLE = YES;
				IPHONEOS_DEPLOYMENT_TARGET = 15.0;
				MTL_ENABLE_DEBUG_INFO = INCLUDE_SOURCE;
				MTL_FAST_MATH = YES;
				ONLY_ACTIVE_ARCH = YES;
				SDKROOT = iphoneos;
				SWIFT_ACTIVE_COMPILATION_CONDITIONS = DEBUG;
				SWIFT_OPTIMIZATION_LEVEL = "-Onone";
			};
			name = Debug;
		};
		3FB3363428588C1200E44DAC /* Release */ = {
			isa = XCBuildConfiguration;
			buildSettings = {
				ALWAYS_SEARCH_USER_PATHS = NO;
				CLANG_ANALYZER_NONNULL = YES;
				CLANG_ANALYZER_NUMBER_OBJECT_CONVERSION = YES_AGGRESSIVE;
				CLANG_CXX_LANGUAGE_STANDARD = "gnu++17";
				CLANG_CXX_LIBRARY = "libc++";
				CLANG_ENABLE_MODULES = YES;
				CLANG_ENABLE_OBJC_ARC = YES;
				CLANG_ENABLE_OBJC_WEAK = YES;
				CLANG_WARN_BLOCK_CAPTURE_AUTORELEASING = YES;
				CLANG_WARN_BOOL_CONVERSION = YES;
				CLANG_WARN_COMMA = YES;
				CLANG_WARN_CONSTANT_CONVERSION = YES;
				CLANG_WARN_DEPRECATED_OBJC_IMPLEMENTATIONS = YES;
				CLANG_WARN_DIRECT_OBJC_ISA_USAGE = YES_ERROR;
				CLANG_WARN_DOCUMENTATION_COMMENTS = YES;
				CLANG_WARN_EMPTY_BODY = YES;
				CLANG_WARN_ENUM_CONVERSION = YES;
				CLANG_WARN_INFINITE_RECURSION = YES;
				CLANG_WARN_INT_CONVERSION = YES;
				CLANG_WARN_NON_LITERAL_NULL_CONVERSION = YES;
				CLANG_WARN_OBJC_IMPLICIT_RETAIN_SELF = YES;
				CLANG_WARN_OBJC_LITERAL_CONVERSION = YES;
				CLANG_WARN_OBJC_ROOT_CLASS = YES_ERROR;
				CLANG_WARN_QUOTED_INCLUDE_IN_FRAMEWORK_HEADER = YES;
				CLANG_WARN_RANGE_LOOP_ANALYSIS = YES;
				CLANG_WARN_STRICT_PROTOTYPES = YES;
				CLANG_WARN_SUSPICIOUS_MOVE = YES;
				CLANG_WARN_UNGUARDED_AVAILABILITY = YES_AGGRESSIVE;
				CLANG_WARN_UNREACHABLE_CODE = YES;
				CLANG_WARN__DUPLICATE_METHOD_MATCH = YES;
				COPY_PHASE_STRIP = NO;
				DEBUG_INFORMATION_FORMAT = "dwarf-with-dsym";
				ENABLE_NS_ASSERTIONS = NO;
				ENABLE_STRICT_OBJC_MSGSEND = YES;
				GCC_C_LANGUAGE_STANDARD = gnu11;
				GCC_NO_COMMON_BLOCKS = YES;
				GCC_WARN_64_TO_32_BIT_CONVERSION = YES;
				GCC_WARN_ABOUT_RETURN_TYPE = YES_ERROR;
				GCC_WARN_UNDECLARED_SELECTOR = YES;
				GCC_WARN_UNINITIALIZED_AUTOS = YES_AGGRESSIVE;
				GCC_WARN_UNUSED_FUNCTION = YES;
				GCC_WARN_UNUSED_VARIABLE = YES;
				IPHONEOS_DEPLOYMENT_TARGET = 15.0;
				MTL_ENABLE_DEBUG_INFO = NO;
				MTL_FAST_MATH = YES;
				SDKROOT = iphoneos;
				SWIFT_COMPILATION_MODE = wholemodule;
				SWIFT_OPTIMIZATION_LEVEL = "-O";
				VALIDATE_PRODUCT = YES;
			};
			name = Release;
		};
		3FB3363628588C1200E44DAC /* Debug */ = {
			isa = XCBuildConfiguration;
			buildSettings = {
				ASSETCATALOG_COMPILER_APPICON_NAME = AppIcon;
				ASSETCATALOG_COMPILER_GLOBAL_ACCENT_COLOR_NAME = AccentColor;
				CODE_SIGN_STYLE = Automatic;
				CURRENT_PROJECT_VERSION = 1;
				GENERATE_INFOPLIST_FILE = YES;
				INFOPLIST_FILE = "exp2 ImageView/Info.plist";
				INFOPLIST_KEY_UIApplicationSupportsIndirectInputEvents = YES;
				INFOPLIST_KEY_UILaunchStoryboardName = LaunchScreen;
				INFOPLIST_KEY_UIMainStoryboardFile = Main;
				INFOPLIST_KEY_UISupportedInterfaceOrientations_iPad = "UIInterfaceOrientationPortrait UIInterfaceOrientationPortraitUpsideDown UIInterfaceOrientationLandscapeLeft UIInterfaceOrientationLandscapeRight";
				INFOPLIST_KEY_UISupportedInterfaceOrientations_iPhone = "UIInterfaceOrientationPortrait UIInterfaceOrientationLandscapeLeft UIInterfaceOrientationLandscapeRight";
				LD_RUNPATH_SEARCH_PATHS = (
					"$(inherited)",
					"@executable_path/Frameworks",
				);
				MARKETING_VERSION = 1.0;
				PRODUCT_BUNDLE_IDENTIFIER = "-9BTRCE022-NandiniMudaliyar.exp2-ImageView";
				PRODUCT_NAME = "$(TARGET_NAME)";
				SWIFT_EMIT_LOC_STRINGS = YES;
				SWIFT_VERSION = 5.0;
				TARGETED_DEVICE_FAMILY = "1,2";
			};
			name = Debug;
		};
		3FB3363728588C1200E44DAC /* Release */ = {
			isa = XCBuildConfiguration;
			buildSettings = {
				ASSETCATALOG_COMPILER_APPICON_NAME = AppIcon;
				ASSETCATALOG_COMPILER_GLOBAL_ACCENT_COLOR_NAME = AccentColor;
				CODE_SIGN_STYLE = Automatic;
				CURRENT_PROJECT_VERSION = 1;
				GENERATE_INFOPLIST_FILE = YES;
				INFOPLIST_FILE = "exp2 ImageView/Info.plist";
				INFOPLIST_KEY_UIApplicationSupportsIndirectInputEvents = YES;
				INFOPLIST_KEY_UILaunchStoryboardName = LaunchScreen;
				INFOPLIST_KEY_UIMainStoryboardFile = Main;
				INFOPLIST_KEY_UISupportedInterfaceOrientations_iPad = "UIInterfaceOrientationPortrait UIInterfaceOrientationPortraitUpsideDown UIInterfaceOrientationLandscapeLeft UIInterfaceOrientationLandscapeRight";
				INFOPLIST_KEY_UISupportedInterfaceOrientations_iPhone = "UIInterfaceOrientationPortrait UIInterfaceOrientationLandscapeLeft UIInterfaceOrientationLandscapeRight";
				LD_RUNPATH_SEARCH_PATHS = (
					"$(inherited)",
					"@executable_path/Frameworks",
				);
				MARKETING_VERSION = 1.0;
				PRODUCT_BUNDLE_IDENTIFIER = "-9BTRCE022-NandiniMudaliyar.exp2-ImageView";
				PRODUCT_NAME = "$(TARGET_NAME)";
				SWIFT_EMIT_LOC_STRINGS = YES;
				SWIFT_VERSION = 5.0;
				TARGETED_DEVICE_FAMILY = "1,2";
			};
			name = Release;
		};
		3FB3363928588C1200E44DAC /* Debug */ = {
			isa = XCBuildConfiguration;
			buildSettings = {
				ALWAYS_EMBED_SWIFT_STANDARD_LIBRARIES = YES;
				BUNDLE_LOADER = "$(TEST_HOST)";
				CODE_SIGN_STYLE = Automatic;
				CURRENT_PROJECT_VERSION = 1;
				GENERATE_INFOPLIST_FILE = YES;
				IPHONEOS_DEPLOYMENT_TARGET = 15.0;
				LD_RUNPATH_SEARCH_PATHS = (
					"$(inherited)",
					"@executable_path/Frameworks",
					"@loader_path/Frameworks",
				);
				MARKETING_VERSION = 1.0;
				PRODUCT_BUNDLE_IDENTIFIER = "-9BTRCE022-NandiniMudaliyar.exp2-ImageViewTests";
				PRODUCT_NAME = "$(TARGET_NAME)";
				SWIFT_EMIT_LOC_STRINGS = NO;
				SWIFT_VERSION = 5.0;
				TARGETED_DEVICE_FAMILY = "1,2";
				TEST_HOST = "$(BUILT_PRODUCTS_DIR)/exp2 ImageView.app/exp2 ImageView";
			};
			name = Debug;
		};
		3FB3363A28588C1200E44DAC /* Release */ = {
			isa = XCBuildConfiguration;
			buildSettings = {
				ALWAYS_EMBED_SWIFT_STANDARD_LIBRARIES = YES;
				BUNDLE_LOADER = "$(TEST_HOST)";
				CODE_SIGN_STYLE = Automatic;
				CURRENT_PROJECT_VERSION = 1;
				GENERATE_INFOPLIST_FILE = YES;
				IPHONEOS_DEPLOYMENT_TARGET = 15.0;
				LD_RUNPATH_SEARCH_PATHS = (
					"$(inherited)",
					"@executable_path/Frameworks",
					"@loader_path/Frameworks",
				);
				MARKETING_VERSION = 1.0;
				PRODUCT_BUNDLE_IDENTIFIER = "-9BTRCE022-NandiniMudaliyar.exp2-ImageViewTests";
				PRODUCT_NAME = "$(TARGET_NAME)";
				SWIFT_EMIT_LOC_STRINGS = NO;
				SWIFT_VERSION = 5.0;
				TARGETED_DEVICE_FAMILY = "1,2";
				TEST_HOST = "$(BUILT_PRODUCTS_DIR)/exp2 ImageView.app/exp2 ImageView";
			};
			name = Release;
		};
		3FB3363C28588C1200E44DAC /* Debug */ = {
			isa = XCBuildConfiguration;
			buildSettings = {
				ALWAYS_EMBED_SWIFT_STANDARD_LIBRARIES = YES;
				CODE_SIGN_STYLE = Automatic;
				CURRENT_PROJECT_VERSION = 1;
				GENERATE_INFOPLIST_FILE = YES;
				LD_RUNPATH_SEARCH_PATHS = (
					"$(inherited)",
					"@executable_path/Frameworks",
					"@loader_path/Frameworks",
				);
				MARKETING_VERSION = 1.0;
				PRODUCT_BUNDLE_IDENTIFIER = "-9BTRCE022-NandiniMudaliyar.exp2-ImageViewUITests";
				PRODUCT_NAME = "$(TARGET_NAME)";
				SWIFT_EMIT_LOC_STRINGS = NO;
				SWIFT_VERSION = 5.0;
				TARGETED_DEVICE_FAMILY = "1,2";
				TEST_TARGET_NAME = "exp2 ImageView";
			};
			name = Debug;
		};
		3FB3363D28588C1200E44DAC /* Release */ = {
			isa = XCBuildConfiguration;
			buildSettings = {
				ALWAYS_EMBED_SWIFT_STANDARD_LIBRARIES = YES;
				CODE_SIGN_STYLE = Automatic;
				CURRENT_PROJECT_VERSION = 1;
				GENERATE_INFOPLIST_FILE = YES;
				LD_RUNPATH_SEARCH_PATHS = (
					"$(inherited)",
					"@executable_path/Frameworks",
					"@loader_path/Frameworks",
				);
				MARKETING_VERSION = 1.0;
				PRODUCT_BUNDLE_IDENTIFIER = "-9BTRCE022-NandiniMudaliyar.exp2-ImageViewUITests";
				PRODUCT_NAME = "$(TARGET_NAME)";
				SWIFT_EMIT_LOC_STRINGS = NO;
				SWIFT_VERSION = 5.0;
				TARGETED_DEVICE_FAMILY = "1,2";
				TEST_TARGET_NAME = "exp2 ImageView";
			};
			name = Release;
		};
/* End XCBuildConfiguration section */

/* Begin XCConfigurationList section */
		3FB3360328588C1100E44DAC /* Build configuration list for PBXProject "exp2 ImageView" */ = {
			isa = XCConfigurationList;
			buildConfigurations = (
				3FB3363328588C1200E44DAC /* Debug */,
				3FB3363428588C1200E44DAC /* Release */,
			);
			defaultConfigurationIsVisible = 0;
			defaultConfigurationName = Release;
		};
		3FB3363528588C1200E44DAC /* Build configuration list for PBXNativeTarget "exp2 ImageView" */ = {
			isa = XCConfigurationList;
			buildConfigurations = (
				3FB3363628588C1200E44DAC /* Debug */,
				3FB3363728588C1200E44DAC /* Release */,
			);
			defaultConfigurationIsVisible = 0;
			defaultConfigurationName = Release;
		};
		3FB3363828588C1200E44DAC /* Build configuration list for PBXNativeTarget "exp2 ImageViewTests" */ = {
			isa = XCConfigurationList;
			buildConfigurations = (
				3FB3363928588C1200E44DAC /* Debug */,
				3FB3363A28588C1200E44DAC /* Release */,
			);
			defaultConfigurationIsVisible = 0;
			defaultConfigurationName = Release;
		};
		3FB3363B28588C1200E44DAC /* Build configuration list for PBXNativeTarget "exp2 ImageViewUITests" */ = {
			isa = XCConfigurationList;
			buildConfigurations = (
				3FB3363C28588C1200E44DAC /* Debug */,
				3FB3363D28588C1200E44DAC /* Release */,
			);
			defaultConfigurationIsVisible = 0;
			defaultConfigurationName = Release;
		};
/* End XCConfigurationList section */

/* Begin XCVersionGroup section */
		3FB3361428588C1100E44DAC /* exp2_ImageView.xcdatamodeld */ = {
			isa = XCVersionGroup;
			children = (
				3FB3361528588C1100E44DAC /* exp2_ImageView.xcdatamodel */,
			);
			currentVersion = 3FB3361528588C1100E44DAC /* exp2_ImageView.xcdatamodel */;
			path = exp2_ImageView.xcdatamodeld;
			sourceTree = "<group>";
			versionGroupType = wrapper.xcdatamodel;
		};
/* End XCVersionGroup section */
	};
	rootObject = 3FB3360028588C1100E44DAC /* Project object */;
}
